
Microsoft Visual Studio Solution File, Format Version 12.00
# Visual Studio Version 17
VisualStudioVersion = 17.9.34728.123
MinimumVisualStudioVersion = 10.0.40219.1
Project("{9A19103F-16F7-4668-BE54-9A1E7A4F7556}") = "Onnes", "onnes-back\Onnes.csproj", "{69FAD715-AA45-48DE-944F-36254DDC3DCE}"
EndProject
Global
	GlobalSection(SolutionConfigurationPlatforms) = preSolution
		Debug|Any CPU = Debug|Any CPU
		Release|Any CPU = Release|Any CPU
	EndGlobalSection
	GlobalSection(ProjectConfigurationPlatforms) = postSolution
		{69FAD715-AA45-48DE-944F-36254DDC3DCE}.Debug|Any CPU.ActiveCfg = Debug|Any CPU
		{69FAD715-AA45-48DE-944F-36254DDC3DCE}.Debug|Any CPU.Build.0 = Debug|Any CPU
		{69FAD715-AA45-48DE-944F-36254DDC3DCE}.Release|Any CPU.ActiveCfg = Release|Any CPU
		{69FAD715-AA45-48DE-944F-36254DDC3DCE}.Release|Any CPU.Build.0 = Release|Any CPU
	EndGlobalSection
	GlobalSection(SolutionProperties) = preSolution
		HideSolutionNode = FALSE
	EndGlobalSection
	GlobalSection(ExtensibilityGlobals) = postSolution
		SolutionGuid = {EB47F4EE-748F-4AAE-9B86-757805E9D9CE}
	EndGlobalSection
EndGlobal
